
Microsoft Visual Studio Solution File, Format Version 12.00
# Visual Studio Version 17
VisualStudioVersion = 17.4.33213.308
MinimumVisualStudioVersion = 10.0.40219.1
Project("{FAE04EC0-301F-11D3-BF4B-00C04F79EFBC}") = "Faturamento_mensal", "Faturamento_mensal\Faturamento_mensal.csproj", "{99C5A5EE-F6BC-47F6-8E57-ECE697F67145}"
EndProject
Project("{FAE04EC0-301F-11D3-BF4B-00C04F79EFBC}") = "Inverter_String", "Inverter_String\Inverter_String.csproj", "{820D359F-FC1C-40A5-AE57-EC345BCDDCEB}"
EndProject
Project("{FAE04EC0-301F-11D3-BF4B-00C04F79EFBC}") = "Media_Faturamento_Mensal", "Media_Faturamento_Mensal\Media_Faturamento_Mensal.csproj", "{FFD64030-C5AC-48BB-95E1-AD66B7C2E9CA}"
EndProject
Project("{FAE04EC0-301F-11D3-BF4B-00C04F79EFBC}") = "Fibonacci", "Fibonacci\Fibonacci.csproj", "{4E63C445-59CE-4789-8313-8BA67AAA493C}"
EndProject
Global
	GlobalSection(SolutionConfigurationPlatforms) = preSolution
		Debug|Any CPU = Debug|Any CPU
		Release|Any CPU = Release|Any CPU
	EndGlobalSection
	GlobalSection(ProjectConfigurationPlatforms) = postSolution
		{99C5A5EE-F6BC-47F6-8E57-ECE697F67145}.Debug|Any CPU.ActiveCfg = Debug|Any CPU
		{99C5A5EE-F6BC-47F6-8E57-ECE697F67145}.Debug|Any CPU.Build.0 = Debug|Any CPU
		{99C5A5EE-F6BC-47F6-8E57-ECE697F67145}.Release|Any CPU.ActiveCfg = Release|Any CPU
		{99C5A5EE-F6BC-47F6-8E57-ECE697F67145}.Release|Any CPU.Build.0 = Release|Any CPU
		{820D359F-FC1C-40A5-AE57-EC345BCDDCEB}.Debug|Any CPU.ActiveCfg = Debug|Any CPU
		{820D359F-FC1C-40A5-AE57-EC345BCDDCEB}.Debug|Any CPU.Build.0 = Debug|Any CPU
		{820D359F-FC1C-40A5-AE57-EC345BCDDCEB}.Release|Any CPU.ActiveCfg = Release|Any CPU
		{820D359F-FC1C-40A5-AE57-EC345BCDDCEB}.Release|Any CPU.Build.0 = Release|Any CPU
		{FFD64030-C5AC-48BB-95E1-AD66B7C2E9CA}.Debug|Any CPU.ActiveCfg = Debug|Any CPU
		{FFD64030-C5AC-48BB-95E1-AD66B7C2E9CA}.Debug|Any CPU.Build.0 = Debug|Any CPU
		{FFD64030-C5AC-48BB-95E1-AD66B7C2E9CA}.Release|Any CPU.ActiveCfg = Release|Any CPU
		{FFD64030-C5AC-48BB-95E1-AD66B7C2E9CA}.Release|Any CPU.Build.0 = Release|Any CPU
		{4E63C445-59CE-4789-8313-8BA67AAA493C}.Debug|Any CPU.ActiveCfg = Debug|Any CPU
		{4E63C445-59CE-4789-8313-8BA67AAA493C}.Debug|Any CPU.Build.0 = Debug|Any CPU
		{4E63C445-59CE-4789-8313-8BA67AAA493C}.Release|Any CPU.ActiveCfg = Release|Any CPU
		{4E63C445-59CE-4789-8313-8BA67AAA493C}.Release|Any CPU.Build.0 = Release|Any CPU
	EndGlobalSection
	GlobalSection(SolutionProperties) = preSolution
		HideSolutionNode = FALSE
	EndGlobalSection
	GlobalSection(ExtensibilityGlobals) = postSolution
		SolutionGuid = {2F7B60F1-3D9D-4F9F-8E05-7615722F619C}
	EndGlobalSection
EndGlobal
